// !$*UTF8*$!
{
	archiveVersion = 1;
	classes = {
	};
	objectVersion = 46;
	objects = {

/* Begin PBXBuildFile section */
		B2ADB05817132C5A00EC3741 /* UIKit.framework in Frameworks */ = {isa = PBXBuildFile; fileRef = B2ADB05717132C5A00EC3741 /* UIKit.framework */; };
		B2ADB05A17132C5A00EC3741 /* Foundation.framework in Frameworks */ = {isa = PBXBuildFile; fileRef = B2ADB05917132C5A00EC3741 /* Foundation.framework */; };
		B2ADB06217132C5A00EC3741 /* InfoPlist.strings in Resources */ = {isa = PBXBuildFile; fileRef = B2ADB06017132C5A00EC3741 /* InfoPlist.strings */; };
		B2ADB06417132C5A00EC3741 /* main.m in Sources */ = {isa = PBXBuildFile; fileRef = B2ADB06317132C5A00EC3741 /* main.m */; };
		B2ADB06817132C5A00EC3741 /* MHAppDelegate.m in Sources */ = {isa = PBXBuildFile; fileRef = B2ADB06717132C5A00EC3741 /* MHAppDelegate.m */; };
		B2ADB06A17132C5A00EC3741 /* Default.png in Resources */ = {isa = PBXBuildFile; fileRef = B2ADB06917132C5A00EC3741 /* Default.png */; };
		B2ADB06C17132C5A00EC3741 /* Default@2x.png in Resources */ = {isa = PBXBuildFile; fileRef = B2ADB06B17132C5A00EC3741 /* Default@2x.png */; };
		B2ADB06E17132C5A00EC3741 /* Default-568h@2x.png in Resources */ = {isa = PBXBuildFile; fileRef = B2ADB06D17132C5A00EC3741 /* Default-568h@2x.png */; };
		B2ADB07117132C5A00EC3741 /* MHViewController.m in Sources */ = {isa = PBXBuildFile; fileRef = B2ADB07017132C5A00EC3741 /* MHViewController.m */; };
		B2ADB07417132C5B00EC3741 /* MHViewController_iPhone.xib in Resources */ = {isa = PBXBuildFile; fileRef = B2ADB07217132C5B00EC3741 /* MHViewController_iPhone.xib */; };
		B2ADB07717132C5B00EC3741 /* MHViewController_iPad.xib in Resources */ = {isa = PBXBuildFile; fileRef = B2ADB07517132C5B00EC3741 /* MHViewController_iPad.xib */; };
		B2ADB0811713372600EC3741 /* FontAwesome.ttf in Resources */ = {isa = PBXBuildFile; fileRef = B2ADB0801713372600EC3741 /* FontAwesome.ttf */; };
		B2ADB08617133A2600EC3741 /* QuartzCore.framework in Frameworks */ = {isa = PBXBuildFile; fileRef = B2ADB08517133A2600EC3741 /* QuartzCore.framework */; };
		B2ADB08717133A3300EC3741 /* CoreGraphics.framework in Frameworks */ = {isa = PBXBuildFile; fileRef = B2ADB05B17132C5A00EC3741 /* CoreGraphics.framework */; };
		B2ADB08817133C6E00EC3741 /* CoreText.framework in Frameworks */ = {isa = PBXBuildFile; fileRef = B2ADB08317133A1900EC3741 /* CoreText.framework */; };
		B2ADB08A1713D0E900EC3741 /* heart-57.png in Resources */ = {isa = PBXBuildFile; fileRef = B2ADB0891713D0E900EC3741 /* heart-57.png */; };
		B2ADB08C1713D0EE00EC3741 /* heart-57@2x.png in Resources */ = {isa = PBXBuildFile; fileRef = B2ADB08B1713D0EE00EC3741 /* heart-57@2x.png */; };
		B2ADB08E1713D92800EC3741 /* heart-72.png in Resources */ = {isa = PBXBuildFile; fileRef = B2ADB08D1713D92800EC3741 /* heart-72.png */; };
		B2ADB0901713D92D00EC3741 /* heart-72@2x.png in Resources */ = {isa = PBXBuildFile; fileRef = B2ADB08F1713D92D00EC3741 /* heart-72@2x.png */; };
/* End PBXBuildFile section */

/* Begin PBXFileReference section */
		B2ADB05417132C5A00EC3741 /* Heart.app */ = {isa = PBXFileReference; explicitFileType = wrapper.application; includeInIndex = 0; path = Heart.app; sourceTree = BUILT_PRODUCTS_DIR; };
		B2ADB05717132C5A00EC3741 /* UIKit.framework */ = {isa = PBXFileReference; lastKnownFileType = wrapper.framework; name = UIKit.framework; path = System/Library/Frameworks/UIKit.framework; sourceTree = SDKROOT; };
		B2ADB05917132C5A00EC3741 /* Foundation.framework */ = {isa = PBXFileReference; lastKnownFileType = wrapper.framework; name = Foundation.framework; path = System/Library/Frameworks/Foundation.framework; sourceTree = SDKROOT; };
		B2ADB05B17132C5A00EC3741 /* CoreGraphics.framework */ = {isa = PBXFileReference; lastKnownFileType = wrapper.framework; name = CoreGraphics.framework; path = System/Library/Frameworks/CoreGraphics.framework; sourceTree = SDKROOT; };
		B2ADB05F17132C5A00EC3741 /* Heart-Info.plist */ = {isa = PBXFileReference; lastKnownFileType = text.plist.xml; path = "Heart-Info.plist"; sourceTree = "<group>"; };
		B2ADB06117132C5A00EC3741 /* en */ = {isa = PBXFileReference; lastKnownFileType = text.plist.strings; name = en; path = en.lproj/InfoPlist.strings; sourceTree = "<group>"; };
		B2ADB06317132C5A00EC3741 /* main.m */ = {isa = PBXFileReference; lastKnownFileType = sourcecode.c.objc; path = main.m; sourceTree = "<group>"; };
		B2ADB06517132C5A00EC3741 /* Heart-Prefix.pch */ = {isa = PBXFileReference; lastKnownFileType = sourcecode.c.h; path = "Heart-Prefix.pch"; sourceTree = "<group>"; };
		B2ADB06617132C5A00EC3741 /* MHAppDelegate.h */ = {isa = PBXFileReference; lastKnownFileType = sourcecode.c.h; path = MHAppDelegate.h; sourceTree = "<group>"; };
		B2ADB06717132C5A00EC3741 /* MHAppDelegate.m */ = {isa = PBXFileReference; lastKnownFileType = sourcecode.c.objc; path = MHAppDelegate.m; sourceTree = "<group>"; };
		B2ADB06917132C5A00EC3741 /* Default.png */ = {isa = PBXFileReference; lastKnownFileType = image.png; path = Default.png; sourceTree = "<group>"; };
		B2ADB06B17132C5A00EC3741 /* Default@2x.png */ = {isa = PBXFileReference; lastKnownFileType = image.png; path = "Default@2x.png"; sourceTree = "<group>"; };
		B2ADB06D17132C5A00EC3741 /* Default-568h@2x.png */ = {isa = PBXFileReference; lastKnownFileType = image.png; path = "Default-568h@2x.png"; sourceTree = "<group>"; };
		B2ADB06F17132C5A00EC3741 /* MHViewController.h */ = {isa = PBXFileReference; lastKnownFileType = sourcecode.c.h; path = MHViewController.h; sourceTree = "<group>"; };
		B2ADB07017132C5A00EC3741 /* MHViewController.m */ = {isa = PBXFileReference; lastKnownFileType = sourcecode.c.objc; path = MHViewController.m; sourceTree = "<group>"; };
		B2ADB07317132C5B00EC3741 /* en */ = {isa = PBXFileReference; lastKnownFileType = file.xib; name = en; path = en.lproj/MHViewController_iPhone.xib; sourceTree = "<group>"; };
		B2ADB07617132C5B00EC3741 /* en */ = {isa = PBXFileReference; lastKnownFileType = file.xib; name = en; path = en.lproj/MHViewController_iPad.xib; sourceTree = "<group>"; };
		B2ADB0801713372600EC3741 /* FontAwesome.ttf */ = {isa = PBXFileReference; lastKnownFileType = file; path = FontAwesome.ttf; sourceTree = "<group>"; };
		B2ADB08317133A1900EC3741 /* CoreText.framework */ = {isa = PBXFileReference; lastKnownFileType = wrapper.framework; name = CoreText.framework; path = System/Library/Frameworks/CoreText.framework; sourceTree = SDKROOT; };
		B2ADB08517133A2600EC3741 /* QuartzCore.framework */ = {isa = PBXFileReference; lastKnownFileType = wrapper.framework; name = QuartzCore.framework; path = System/Library/Frameworks/QuartzCore.framework; sourceTree = SDKROOT; };
		B2ADB0891713D0E900EC3741 /* heart-57.png */ = {isa = PBXFileReference; lastKnownFileType = image.png; path = "heart-57.png"; sourceTree = "<group>"; };
		B2ADB08B1713D0EE00EC3741 /* heart-57@2x.png */ = {isa = PBXFileReference; lastKnownFileType = image.png; path = "heart-57@2x.png"; sourceTree = "<group>"; };
		B2ADB08D1713D92800EC3741 /* heart-72.png */ = {isa = PBXFileReference; lastKnownFileType = image.png; path = "heart-72.png"; sourceTree = "<group>"; };
		B2ADB08F1713D92D00EC3741 /* heart-72@2x.png */ = {isa = PBXFileReference; lastKnownFileType = image.png; path = "heart-72@2x.png"; sourceTree = "<group>"; };
/* End PBXFileReference section */

/* Begin PBXFrameworksBuildPhase section */
		B2ADB05117132C5A00EC3741 /* Frameworks */ = {
			isa = PBXFrameworksBuildPhase;
			buildActionMask = 2147483647;
			files = (
				B2ADB08817133C6E00EC3741 /* CoreText.framework in Frameworks */,
				B2ADB08717133A3300EC3741 /* CoreGraphics.framework in Frameworks */,
				B2ADB08617133A2600EC3741 /* QuartzCore.framework in Frameworks */,
				B2ADB05817132C5A00EC3741 /* UIKit.framework in Frameworks */,
				B2ADB05A17132C5A00EC3741 /* Foundation.framework in Frameworks */,
			);
			runOnlyForDeploymentPostprocessing = 0;
		};
/* End PBXFrameworksBuildPhase section */

/* Begin PBXGroup section */
		B2ADB04B17132C5A00EC3741 = {
			isa = PBXGroup;
			children = (
				B2ADB08F1713D92D00EC3741 /* heart-72@2x.png */,
				B2ADB08D1713D92800EC3741 /* heart-72.png */,
				B2ADB08B1713D0EE00EC3741 /* heart-57@2x.png */,
				B2ADB0891713D0E900EC3741 /* heart-57.png */,
				B2ADB05D17132C5A00EC3741 /* Heart */,
				B2ADB05617132C5A00EC3741 /* Frameworks */,
				B2ADB05517132C5A00EC3741 /* Products */,
			);
			sourceTree = "<group>";
		};
		B2ADB05517132C5A00EC3741 /* Products */ = {
			isa = PBXGroup;
			children = (
				B2ADB05417132C5A00EC3741 /* Heart.app */,
			);
			name = Products;
			sourceTree = "<group>";
		};
		B2ADB05617132C5A00EC3741 /* Frameworks */ = {
			isa = PBXGroup;
			children = (
				B2ADB08517133A2600EC3741 /* QuartzCore.framework */,
				B2ADB08317133A1900EC3741 /* CoreText.framework */,
				B2ADB05717132C5A00EC3741 /* UIKit.framework */,
				B2ADB05917132C5A00EC3741 /* Foundation.framework */,
				B2ADB05B17132C5A00EC3741 /* CoreGraphics.framework */,
			);
			name = Frameworks;
			sourceTree = "<group>";
		};
		B2ADB05D17132C5A00EC3741 /* Heart */ = {
			isa = PBXGroup;
			children = (
				B2ADB06617132C5A00EC3741 /* MHAppDelegate.h */,
				B2ADB06717132C5A00EC3741 /* MHAppDelegate.m */,
				B2ADB06F17132C5A00EC3741 /* MHViewController.h */,
				B2ADB07017132C5A00EC3741 /* MHViewController.m */,
				B2ADB07217132C5B00EC3741 /* MHViewController_iPhone.xib */,
				B2ADB07517132C5B00EC3741 /* MHViewController_iPad.xib */,
				B2ADB05E17132C5A00EC3741 /* Supporting Files */,
			);
			path = Heart;
			sourceTree = "<group>";
		};
		B2ADB05E17132C5A00EC3741 /* Supporting Files */ = {
			isa = PBXGroup;
			children = (
				B2ADB05F17132C5A00EC3741 /* Heart-Info.plist */,
				B2ADB0801713372600EC3741 /* FontAwesome.ttf */,
				B2ADB06017132C5A00EC3741 /* InfoPlist.strings */,
				B2ADB06317132C5A00EC3741 /* main.m */,
				B2ADB06517132C5A00EC3741 /* Heart-Prefix.pch */,
				B2ADB06917132C5A00EC3741 /* Default.png */,
				B2ADB06B17132C5A00EC3741 /* Default@2x.png */,
				B2ADB06D17132C5A00EC3741 /* Default-568h@2x.png */,
			);
			name = "Supporting Files";
			sourceTree = "<group>";
		};
/* End PBXGroup section */

/* Begin PBXNativeTarget section */
		B2ADB05317132C5A00EC3741 /* Heart */ = {
			isa = PBXNativeTarget;
			buildConfigurationList = B2ADB07A17132C5B00EC3741 /* Build configuration list for PBXNativeTarget "Heart" */;
			buildPhases = (
				B2ADB05017132C5A00EC3741 /* Sources */,
				B2ADB05117132C5A00EC3741 /* Frameworks */,
				B2ADB05217132C5A00EC3741 /* Resources */,
			);
			buildRules = (
			);
			dependencies = (
			);
			name = Heart;
			productName = Heart;
			productReference = B2ADB05417132C5A00EC3741 /* Heart.app */;
			productType = "com.apple.product-type.application";
		};
/* End PBXNativeTarget section */

/* Begin PBXProject section */
		B2ADB04C17132C5A00EC3741 /* Project object */ = {
			isa = PBXProject;
			attributes = {
				CLASSPREFIX = MH;
				LastUpgradeCheck = 0460;
				ORGANIZATIONNAME = "Haitao Li";
			};
			buildConfigurationList = B2ADB04F17132C5A00EC3741 /* Build configuration list for PBXProject "Heart" */;
			compatibilityVersion = "Xcode 3.2";
			developmentRegion = English;
			hasScannedForEncodings = 0;
			knownRegions = (
				en,
			);
			mainGroup = B2ADB04B17132C5A00EC3741;
			productRefGroup = B2ADB05517132C5A00EC3741 /* Products */;
			projectDirPath = "";
			projectRoot = "";
			targets = (
				B2ADB05317132C5A00EC3741 /* Heart */,
			);
		};
/* End PBXProject section */

/* Begin PBXResourcesBuildPhase section */
		B2ADB05217132C5A00EC3741 /* Resources */ = {
			isa = PBXResourcesBuildPhase;
			buildActionMask = 2147483647;
			files = (
				B2ADB06217132C5A00EC3741 /* InfoPlist.strings in Resources */,
				B2ADB06A17132C5A00EC3741 /* Default.png in Resources */,
				B2ADB06C17132C5A00EC3741 /* Default@2x.png in Resources */,
				B2ADB06E17132C5A00EC3741 /* Default-568h@2x.png in Resources */,
				B2ADB07417132C5B00EC3741 /* MHViewController_iPhone.xib in Resources */,
				B2ADB07717132C5B00EC3741 /* MHViewController_iPad.xib in Resources */,
				B2ADB0811713372600EC3741 /* FontAwesome.ttf in Resources */,
				B2ADB08A1713D0E900EC3741 /* heart-57.png in Resources */,
				B2ADB08C1713D0EE00EC3741 /* heart-57@2x.png in Resources */,
				B2ADB08E1713D92800EC3741 /* heart-72.png in Resources */,
				B2ADB0901713D92D00EC3741 /* heart-72@2x.png in Resources */,
			);
			runOnlyForDeploymentPostprocessing = 0;
		};
/* End PBXResourcesBuildPhase section */

/* Begin PBXSourcesBuildPhase section */
		B2ADB05017132C5A00EC3741 /* Sources */ = {
			isa = PBXSourcesBuildPhase;
			buildActionMask = 2147483647;
			files = (
				B2ADB06417132C5A00EC3741 /* main.m in Sources */,
				B2ADB06817132C5A00EC3741 /* MHAppDelegate.m in Sources */,
				B2ADB07117132C5A00EC3741 /* MHViewController.m in Sources */,
			);
			runOnlyForDeploymentPostprocessing = 0;
		};
/* End PBXSourcesBuildPhase section */

/* Begin PBXVariantGroup section */
		B2ADB06017132C5A00EC3741 /* InfoPlist.strings */ = {
			isa = PBXVariantGroup;
			children = (
				B2ADB06117132C5A00EC3741 /* en */,
			);
			name = InfoPlist.strings;
			sourceTree = "<group>";
		};
		B2ADB07217132C5B00EC3741 /* MHViewController_iPhone.xib */ = {
			isa = PBXVariantGroup;
			children = (
				B2ADB07317132C5B00EC3741 /* en */,
			);
			name = MHViewController_iPhone.xib;
			sourceTree = "<group>";
		};
		B2ADB07517132C5B00EC3741 /* MHViewController_iPad.xib */ = {
			isa = PBXVariantGroup;
			children = (
				B2ADB07617132C5B00EC3741 /* en */,
			);
			name = MHViewController_iPad.xib;
			sourceTree = "<group>";
		};
/* End PBXVariantGroup section */

/* Begin XCBuildConfiguration section */
		B2ADB07817132C5B00EC3741 /* Debug */ = {
			isa = XCBuildConfiguration;
			buildSettings = {
				ALWAYS_SEARCH_USER_PATHS = NO;
				CLANG_CXX_LANGUAGE_STANDARD = "gnu++0x";
				CLANG_CXX_LIBRARY = "libc++";
				CLANG_WARN_CONSTANT_CONVERSION = YES;
				CLANG_WARN_EMPTY_BODY = YES;
				CLANG_WARN_ENUM_CONVERSION = YES;
				CLANG_WARN_INT_CONVERSION = YES;
				CLANG_WARN__DUPLICATE_METHOD_MATCH = YES;
				"CODE_SIGN_IDENTITY[sdk=iphoneos*]" = "iPhone Developer";
				COPY_PHASE_STRIP = NO;
				GCC_C_LANGUAGE_STANDARD = gnu99;
				GCC_DYNAMIC_NO_PIC = NO;
				GCC_OPTIMIZATION_LEVEL = 0;
				GCC_PREPROCESSOR_DEFINITIONS = (
					"DEBUG=1",
					"$(inherited)",
				);
				GCC_SYMBOLS_PRIVATE_EXTERN = NO;
				GCC_WARN_ABOUT_RETURN_TYPE = YES;
				GCC_WARN_UNINITIALIZED_AUTOS = YES;
				GCC_WARN_UNUSED_VARIABLE = YES;
				IPHONEOS_DEPLOYMENT_TARGET = 6.1;
				ONLY_ACTIVE_ARCH = YES;
				SDKROOT = iphoneos;
				TARGETED_DEVICE_FAMILY = "1,2";
			};
			name = Debug;
		};
		B2ADB07917132C5B00EC3741 /* Release */ = {
			isa = XCBuildConfiguration;
			buildSettings = {
				ALWAYS_SEARCH_USER_PATHS = NO;
				CLANG_CXX_LANGUAGE_STANDARD = "gnu++0x";
				CLANG_CXX_LIBRARY = "libc++";
				CLANG_WARN_CONSTANT_CONVERSION = YES;
				CLANG_WARN_EMPTY_BODY = YES;
				CLANG_WARN_ENUM_CONVERSION = YES;
				CLANG_WARN_INT_CONVERSION = YES;
				CLANG_WARN__DUPLICATE_METHOD_MATCH = YES;
				"CODE_SIGN_IDENTITY[sdk=iphoneos*]" = "iPhone Developer";
				COPY_PHASE_STRIP = YES;
				GCC_C_LANGUAGE_STANDARD = gnu99;
				GCC_WARN_ABOUT_RETURN_TYPE = YES;
				GCC_WARN_UNINITIALIZED_AUTOS = YES;
				GCC_WARN_UNUSED_VARIABLE = YES;
				IPHONEOS_DEPLOYMENT_TARGET = 6.1;
				OTHER_CFLAGS = "-DNS_BLOCK_ASSERTIONS=1";
				SDKROOT = iphoneos;
				TARGETED_DEVICE_FAMILY = "1,2";
				VALIDATE_PRODUCT = YES;
			};
			name = Release;
		};
		B2ADB07B17132C5B00EC3741 /* Debug */ = {
			isa = XCBuildConfiguration;
			buildSettings = {
				GCC_PRECOMPILE_PREFIX_HEADER = YES;
				GCC_PREFIX_HEADER = "Heart/Heart-Prefix.pch";
				INFOPLIST_FILE = "Heart/Heart-Info.plist";
				IPHONEOS_DEPLOYMENT_TARGET = 5.0;
				PRODUCT_NAME = "$(TARGET_NAME)";
				WRAPPER_EXTENSION = app;
			};
			name = Debug;
		};
		B2ADB07C17132C5B00EC3741 /* Release */ = {
			isa = XCBuildConfiguration;
			buildSettings = {
				GCC_PRECOMPILE_PREFIX_HEADER = YES;
				GCC_PREFIX_HEADER = "Heart/Heart-Prefix.pch";
				INFOPLIST_FILE = "Heart/Heart-Info.plist";
				IPHONEOS_DEPLOYMENT_TARGET = 5.0;
				PRODUCT_NAME = "$(TARGET_NAME)";
				WRAPPER_EXTENSION = app;
			};
			name = Release;
		};
/* End XCBuildConfiguration section */

/* Begin XCConfigurationList section */
		B2ADB04F17132C5A00EC3741 /* Build configuration list for PBXProject "Heart" */ = {
			isa = XCConfigurationList;
			buildConfigurations = (
				B2ADB07817132C5B00EC3741 /* Debug */,
				B2ADB07917132C5B00EC3741 /* Release */,
			);
			defaultConfigurationIsVisible = 0;
			defaultConfigurationName = Release;
		};
		B2ADB07A17132C5B00EC3741 /* Build configuration list for PBXNativeTarget "Heart" */ = {
			isa = XCConfigurationList;
			buildConfigurations = (
				B2ADB07B17132C5B00EC3741 /* Debug */,
				B2ADB07C17132C5B00EC3741 /* Release */,
			);
			defaultConfigurationIsVisible = 0;
			defaultConfigurationName = Release;
		};
/* End XCConfigurationList section */
	};
	rootObject = B2ADB04C17132C5A00EC3741 /* Project object */;
}
